
Microsoft Visual Studio Solution File, Format Version 12.00
# Visual Studio 15
VisualStudioVersion = 15.0.27703.2035
MinimumVisualStudioVersion = 10.0.40219.1
Project("{FAE04EC0-301F-11D3-BF4B-00C04F79EFBC}") = "GRID", "StartUp\GRID.csproj", "{FFF3CB28-A99C-44A8-A511-594C178D162E}"
EndProject
Global
	GlobalSection(SolutionConfigurationPlatforms) = preSolution
		Debug|Any CPU = Debug|Any CPU
		Release|Any CPU = Release|Any CPU
	EndGlobalSection
	GlobalSection(ProjectConfigurationPlatforms) = postSolution
		{FFF3CB28-A99C-44A8-A511-594C178D162E}.Debug|Any CPU.ActiveCfg = Debug|Any CPU
		{FFF3CB28-A99C-44A8-A511-594C178D162E}.Debug|Any CPU.Build.0 = Debug|Any CPU
		{FFF3CB28-A99C-44A8-A511-594C178D162E}.Release|Any CPU.ActiveCfg = Release|Any CPU
		{FFF3CB28-A99C-44A8-A511-594C178D162E}.Release|Any CPU.Build.0 = Release|Any CPU
	EndGlobalSection
	GlobalSection(SolutionProperties) = preSolution
		HideSolutionNode = FALSE
	EndGlobalSection
	GlobalSection(ExtensibilityGlobals) = postSolution
		SolutionGuid = {65B00F66-8FEB-4F60-B75C-DB648AF03BFE}
	EndGlobalSection
EndGlobal
