
Microsoft Visual Studio Solution File, Format Version 12.00
# Visual Studio 14
VisualStudioVersion = 14.0.25420.1
MinimumVisualStudioVersion = 10.0.40219.1
Project("{FAE04EC0-301F-11D3-BF4B-00C04F79EFBC}") = "CurrConvert++", "ProstiPresmqtaniq\CurrConvert++.csproj", "{9B1C2F4C-1444-46E5-8D62-C2C931A3C20F}"
EndProject
Project("{FAE04EC0-301F-11D3-BF4B-00C04F79EFBC}") = "1000DaysEarth", "1000DaysEarth\1000DaysEarth.csproj", "{44693C05-5747-427C-A724-E4502846EE66}"
EndProject
Project("{FAE04EC0-301F-11D3-BF4B-00C04F79EFBC}") = "NumToWord", "NumToWord\NumToWord.csproj", "{259DD2ED-B60C-46D7-B709-7D9EAEA7CFBA}"
EndProject
Global
	GlobalSection(SolutionConfigurationPlatforms) = preSolution
		Debug|Any CPU = Debug|Any CPU
		Release|Any CPU = Release|Any CPU
	EndGlobalSection
	GlobalSection(ProjectConfigurationPlatforms) = postSolution
		{9B1C2F4C-1444-46E5-8D62-C2C931A3C20F}.Debug|Any CPU.ActiveCfg = Debug|Any CPU
		{9B1C2F4C-1444-46E5-8D62-C2C931A3C20F}.Debug|Any CPU.Build.0 = Debug|Any CPU
		{9B1C2F4C-1444-46E5-8D62-C2C931A3C20F}.Release|Any CPU.ActiveCfg = Release|Any CPU
		{9B1C2F4C-1444-46E5-8D62-C2C931A3C20F}.Release|Any CPU.Build.0 = Release|Any CPU
		{44693C05-5747-427C-A724-E4502846EE66}.Debug|Any CPU.ActiveCfg = Debug|Any CPU
		{44693C05-5747-427C-A724-E4502846EE66}.Debug|Any CPU.Build.0 = Debug|Any CPU
		{44693C05-5747-427C-A724-E4502846EE66}.Release|Any CPU.ActiveCfg = Release|Any CPU
		{44693C05-5747-427C-A724-E4502846EE66}.Release|Any CPU.Build.0 = Release|Any CPU
		{259DD2ED-B60C-46D7-B709-7D9EAEA7CFBA}.Debug|Any CPU.ActiveCfg = Debug|Any CPU
		{259DD2ED-B60C-46D7-B709-7D9EAEA7CFBA}.Debug|Any CPU.Build.0 = Debug|Any CPU
		{259DD2ED-B60C-46D7-B709-7D9EAEA7CFBA}.Release|Any CPU.ActiveCfg = Release|Any CPU
		{259DD2ED-B60C-46D7-B709-7D9EAEA7CFBA}.Release|Any CPU.Build.0 = Release|Any CPU
	EndGlobalSection
	GlobalSection(SolutionProperties) = preSolution
		HideSolutionNode = FALSE
	EndGlobalSection
EndGlobal
