
Microsoft Visual Studio Solution File, Format Version 12.00
# Visual Studio 15
VisualStudioVersion = 15.0.27130.2036
MinimumVisualStudioVersion = 10.0.40219.1
Project("{FAE04EC0-301F-11D3-BF4B-00C04F79EFBC}") = "TrainsSkeleton", "TrainsSkeleton\TrainsSkeleton.csproj", "{D53E2163-FA15-4252-8E41-F18D799557E1}"
EndProject
Global
	GlobalSection(SolutionConfigurationPlatforms) = preSolution
		Debug|Any CPU = Debug|Any CPU
		Release|Any CPU = Release|Any CPU
	EndGlobalSection
	GlobalSection(ProjectConfigurationPlatforms) = postSolution
		{D53E2163-FA15-4252-8E41-F18D799557E1}.Debug|Any CPU.ActiveCfg = Debug|Any CPU
		{D53E2163-FA15-4252-8E41-F18D799557E1}.Debug|Any CPU.Build.0 = Debug|Any CPU
		{D53E2163-FA15-4252-8E41-F18D799557E1}.Release|Any CPU.ActiveCfg = Release|Any CPU
		{D53E2163-FA15-4252-8E41-F18D799557E1}.Release|Any CPU.Build.0 = Release|Any CPU
	EndGlobalSection
	GlobalSection(SolutionProperties) = preSolution
		HideSolutionNode = FALSE
	EndGlobalSection
	GlobalSection(ExtensibilityGlobals) = postSolution
		SolutionGuid = {D055F5D7-D3C0-4BBE-AA54-9BA5266A75C8}
	EndGlobalSection
EndGlobal
