
Microsoft Visual Studio Solution File, Format Version 12.00
# Visual Studio 14
VisualStudioVersion = 14.0.25420.1
MinimumVisualStudioVersion = 10.0.40219.1
Project("{FAE04EC0-301F-11D3-BF4B-00C04F79EFBC}") = "Centuries", "Centuries\Centuries.csproj", "{EDD87B93-2BD9-4F15-8840-F891EAD130E5}"
EndProject
Project("{FAE04EC0-301F-11D3-BF4B-00C04F79EFBC}") = "Swap", "Swap\Swap.csproj", "{085949EF-7987-45FF-9CD0-66B1A57C0F6C}"
EndProject
Project("{FAE04EC0-301F-11D3-BF4B-00C04F79EFBC}") = "Hexadecimal", "Hexadecimal\Hexadecimal.csproj", "{58D1C0E3-93E3-4008-BEB3-4BFEC6E20980}"
EndProject
Project("{FAE04EC0-301F-11D3-BF4B-00C04F79EFBC}") = "Decimal", "Decimal\Decimal.csproj", "{B235A233-D3A2-4B57-BE37-2B484D69648E}"
EndProject
Project("{FAE04EC0-301F-11D3-BF4B-00C04F79EFBC}") = "CircleSurface", "CircleSurface\CircleSurface.csproj", "{EE5F4687-CD0D-4BA0-8D38-A5225932B012}"
EndProject
Project("{FAE04EC0-301F-11D3-BF4B-00C04F79EFBC}") = "ExactSum", "ExactSum\ExactSum.csproj", "{A7903F2A-E2FF-424C-A900-4B7106179CF3}"
EndProject
Project("{FAE04EC0-301F-11D3-BF4B-00C04F79EFBC}") = "Triangle", "Triangle\Triangle.csproj", "{B0730804-B5F2-40AF-8543-49013B108A2F}"
EndProject
Project("{FAE04EC0-301F-11D3-BF4B-00C04F79EFBC}") = "Speed", "Speed\Speed.csproj", "{642E3F5B-8D70-475D-8290-F5036220D5C1}"
EndProject
Project("{FAE04EC0-301F-11D3-BF4B-00C04F79EFBC}") = "Elevator", "Elevator\Elevator.csproj", "{F0FC337B-8049-473F-8562-4B6F7699A517}"
EndProject
Project("{FAE04EC0-301F-11D3-BF4B-00C04F79EFBC}") = "SpecialNum", "SpecialNum\SpecialNum.csproj", "{8DF017E4-DBE6-4699-B54E-B9071BDE431F}"
EndProject
Project("{FAE04EC0-301F-11D3-BF4B-00C04F79EFBC}") = "Boolean", "Boolean\Boolean.csproj", "{1AB85850-3E29-4704-B37A-AC15BA93BF7C}"
EndProject
Project("{FAE04EC0-301F-11D3-BF4B-00C04F79EFBC}") = "SwapSigns", "SwapSigns\SwapSigns.csproj", "{68A62ABD-16E9-43EB-A460-BCA6B7C0C44F}"
EndProject
Project("{FAE04EC0-301F-11D3-BF4B-00C04F79EFBC}") = "EmployeeData", "EmployeeData\EmployeeData.csproj", "{C2141142-05DD-4CF6-8B7B-1F3EB4517D65}"
EndProject
Project("{FAE04EC0-301F-11D3-BF4B-00C04F79EFBC}") = "Pozdrav", "Pozdrav\Pozdrav.csproj", "{B4BD7C4D-3322-4D68-9C64-940F111ED1F0}"
EndProject
Project("{FAE04EC0-301F-11D3-BF4B-00C04F79EFBC}") = "Slepvane", "Slepvane\Slepvane.csproj", "{2AD495E2-89FA-405F-84BB-AD5642FB9BFC}"
EndProject
Project("{FAE04EC0-301F-11D3-BF4B-00C04F79EFBC}") = "nizove", "nizove\nizove.csproj", "{066EE8E8-47AB-4AFA-ADE2-7ACD1A02C085}"
EndProject
Project("{FAE04EC0-301F-11D3-BF4B-00C04F79EFBC}") = "CatchTheThief", "CatchTheThief\CatchTheThief.csproj", "{8126FACB-92D7-4A36-9E4C-1189AA84B66C}"
EndProject
Project("{FAE04EC0-301F-11D3-BF4B-00C04F79EFBC}") = "Builder", "Builder\Builder.csproj", "{CA5276AF-A236-441F-9B57-85E05A2723DF}"
EndProject
Project("{FAE04EC0-301F-11D3-BF4B-00C04F79EFBC}") = "WordMaker", "WordMaker\WordMaker.csproj", "{26AAD258-0680-4DAA-BD80-CA889495ED7D}"
EndProject
Project("{FAE04EC0-301F-11D3-BF4B-00C04F79EFBC}") = "SumOfSymbols", "SumOfSymbols\SumOfSymbols.csproj", "{5988B63D-3769-448A-8FF5-E844F4E1EC2E}"
EndProject
Project("{FAE04EC0-301F-11D3-BF4B-00C04F79EFBC}") = "CombiningStrings", "CombiningStrings\CombiningStrings.csproj", "{4A047AA2-12AA-485B-AE95-A86CB27E58E7}"
EndProject
Project("{FAE04EC0-301F-11D3-BF4B-00C04F79EFBC}") = "BireBure", "BireBure\BireBure.csproj", "{785B0ECE-58C3-486B-A05F-958CBAC81E63}"
EndProject
Project("{FAE04EC0-301F-11D3-BF4B-00C04F79EFBC}") = "Decrypt", "Decrypt\Decrypt.csproj", "{7B839D50-905C-4854-B3B0-C4794C85DFF6}"
EndProject
Project("{FAE04EC0-301F-11D3-BF4B-00C04F79EFBC}") = "BoatSimulator", "BoatSimulator\BoatSimulator.csproj", "{A97E8ACB-443A-4A48-97F5-9247D94FCC13}"
EndProject
Project("{FAE04EC0-301F-11D3-BF4B-00C04F79EFBC}") = "CenturyToNanoSec", "CenturyToNanoSec\CenturyToNanoSec.csproj", "{812006D6-03E3-447D-905C-D21A148D0AA2}"
EndProject
Project("{FAE04EC0-301F-11D3-BF4B-00C04F79EFBC}") = "Checking", "Checking\Checking.csproj", "{EDA13D3B-0AA2-4A02-9E8D-2C4F4DE03B70}"
EndProject
Project("{FAE04EC0-301F-11D3-BF4B-00C04F79EFBC}") = "CHeckingNums", "CHeckingNums\CHeckingNums.csproj", "{6E5D1688-D5C2-48A2-B1DE-C016999D795D}"
EndProject
Project("{FAE04EC0-301F-11D3-BF4B-00C04F79EFBC}") = "ASCII", "ASCII\ASCII.csproj", "{F7BF2D6C-FEB9-479F-A010-B93580FD8059}"
EndProject
Project("{FAE04EC0-301F-11D3-BF4B-00C04F79EFBC}") = "ChekNumType", "ChekNumType\ChekNumType.csproj", "{475CBEB5-8CE7-474C-A223-199695784EDE}"
EndProject
Global
	GlobalSection(SolutionConfigurationPlatforms) = preSolution
		Debug|Any CPU = Debug|Any CPU
		Release|Any CPU = Release|Any CPU
	EndGlobalSection
	GlobalSection(ProjectConfigurationPlatforms) = postSolution
		{EDD87B93-2BD9-4F15-8840-F891EAD130E5}.Debug|Any CPU.ActiveCfg = Debug|Any CPU
		{EDD87B93-2BD9-4F15-8840-F891EAD130E5}.Debug|Any CPU.Build.0 = Debug|Any CPU
		{EDD87B93-2BD9-4F15-8840-F891EAD130E5}.Release|Any CPU.ActiveCfg = Release|Any CPU
		{EDD87B93-2BD9-4F15-8840-F891EAD130E5}.Release|Any CPU.Build.0 = Release|Any CPU
		{085949EF-7987-45FF-9CD0-66B1A57C0F6C}.Debug|Any CPU.ActiveCfg = Debug|Any CPU
		{085949EF-7987-45FF-9CD0-66B1A57C0F6C}.Debug|Any CPU.Build.0 = Debug|Any CPU
		{085949EF-7987-45FF-9CD0-66B1A57C0F6C}.Release|Any CPU.ActiveCfg = Release|Any CPU
		{085949EF-7987-45FF-9CD0-66B1A57C0F6C}.Release|Any CPU.Build.0 = Release|Any CPU
		{58D1C0E3-93E3-4008-BEB3-4BFEC6E20980}.Debug|Any CPU.ActiveCfg = Debug|Any CPU
		{58D1C0E3-93E3-4008-BEB3-4BFEC6E20980}.Debug|Any CPU.Build.0 = Debug|Any CPU
		{58D1C0E3-93E3-4008-BEB3-4BFEC6E20980}.Release|Any CPU.ActiveCfg = Release|Any CPU
		{58D1C0E3-93E3-4008-BEB3-4BFEC6E20980}.Release|Any CPU.Build.0 = Release|Any CPU
		{B235A233-D3A2-4B57-BE37-2B484D69648E}.Debug|Any CPU.ActiveCfg = Debug|Any CPU
		{B235A233-D3A2-4B57-BE37-2B484D69648E}.Debug|Any CPU.Build.0 = Debug|Any CPU
		{B235A233-D3A2-4B57-BE37-2B484D69648E}.Release|Any CPU.ActiveCfg = Release|Any CPU
		{B235A233-D3A2-4B57-BE37-2B484D69648E}.Release|Any CPU.Build.0 = Release|Any CPU
		{EE5F4687-CD0D-4BA0-8D38-A5225932B012}.Debug|Any CPU.ActiveCfg = Debug|Any CPU
		{EE5F4687-CD0D-4BA0-8D38-A5225932B012}.Debug|Any CPU.Build.0 = Debug|Any CPU
		{EE5F4687-CD0D-4BA0-8D38-A5225932B012}.Release|Any CPU.ActiveCfg = Release|Any CPU
		{EE5F4687-CD0D-4BA0-8D38-A5225932B012}.Release|Any CPU.Build.0 = Release|Any CPU
		{A7903F2A-E2FF-424C-A900-4B7106179CF3}.Debug|Any CPU.ActiveCfg = Debug|Any CPU
		{A7903F2A-E2FF-424C-A900-4B7106179CF3}.Debug|Any CPU.Build.0 = Debug|Any CPU
		{A7903F2A-E2FF-424C-A900-4B7106179CF3}.Release|Any CPU.ActiveCfg = Release|Any CPU
		{A7903F2A-E2FF-424C-A900-4B7106179CF3}.Release|Any CPU.Build.0 = Release|Any CPU
		{B0730804-B5F2-40AF-8543-49013B108A2F}.Debug|Any CPU.ActiveCfg = Debug|Any CPU
		{B0730804-B5F2-40AF-8543-49013B108A2F}.Debug|Any CPU.Build.0 = Debug|Any CPU
		{B0730804-B5F2-40AF-8543-49013B108A2F}.Release|Any CPU.ActiveCfg = Release|Any CPU
		{B0730804-B5F2-40AF-8543-49013B108A2F}.Release|Any CPU.Build.0 = Release|Any CPU
		{642E3F5B-8D70-475D-8290-F5036220D5C1}.Debug|Any CPU.ActiveCfg = Debug|Any CPU
		{642E3F5B-8D70-475D-8290-F5036220D5C1}.Debug|Any CPU.Build.0 = Debug|Any CPU
		{642E3F5B-8D70-475D-8290-F5036220D5C1}.Release|Any CPU.ActiveCfg = Release|Any CPU
		{642E3F5B-8D70-475D-8290-F5036220D5C1}.Release|Any CPU.Build.0 = Release|Any CPU
		{F0FC337B-8049-473F-8562-4B6F7699A517}.Debug|Any CPU.ActiveCfg = Debug|Any CPU
		{F0FC337B-8049-473F-8562-4B6F7699A517}.Debug|Any CPU.Build.0 = Debug|Any CPU
		{F0FC337B-8049-473F-8562-4B6F7699A517}.Release|Any CPU.ActiveCfg = Release|Any CPU
		{F0FC337B-8049-473F-8562-4B6F7699A517}.Release|Any CPU.Build.0 = Release|Any CPU
		{8DF017E4-DBE6-4699-B54E-B9071BDE431F}.Debug|Any CPU.ActiveCfg = Debug|Any CPU
		{8DF017E4-DBE6-4699-B54E-B9071BDE431F}.Debug|Any CPU.Build.0 = Debug|Any CPU
		{8DF017E4-DBE6-4699-B54E-B9071BDE431F}.Release|Any CPU.ActiveCfg = Release|Any CPU
		{8DF017E4-DBE6-4699-B54E-B9071BDE431F}.Release|Any CPU.Build.0 = Release|Any CPU
		{1AB85850-3E29-4704-B37A-AC15BA93BF7C}.Debug|Any CPU.ActiveCfg = Debug|Any CPU
		{1AB85850-3E29-4704-B37A-AC15BA93BF7C}.Debug|Any CPU.Build.0 = Debug|Any CPU
		{1AB85850-3E29-4704-B37A-AC15BA93BF7C}.Release|Any CPU.ActiveCfg = Release|Any CPU
		{1AB85850-3E29-4704-B37A-AC15BA93BF7C}.Release|Any CPU.Build.0 = Release|Any CPU
		{68A62ABD-16E9-43EB-A460-BCA6B7C0C44F}.Debug|Any CPU.ActiveCfg = Debug|Any CPU
		{68A62ABD-16E9-43EB-A460-BCA6B7C0C44F}.Debug|Any CPU.Build.0 = Debug|Any CPU
		{68A62ABD-16E9-43EB-A460-BCA6B7C0C44F}.Release|Any CPU.ActiveCfg = Release|Any CPU
		{68A62ABD-16E9-43EB-A460-BCA6B7C0C44F}.Release|Any CPU.Build.0 = Release|Any CPU
		{C2141142-05DD-4CF6-8B7B-1F3EB4517D65}.Debug|Any CPU.ActiveCfg = Debug|Any CPU
		{C2141142-05DD-4CF6-8B7B-1F3EB4517D65}.Debug|Any CPU.Build.0 = Debug|Any CPU
		{C2141142-05DD-4CF6-8B7B-1F3EB4517D65}.Release|Any CPU.ActiveCfg = Release|Any CPU
		{C2141142-05DD-4CF6-8B7B-1F3EB4517D65}.Release|Any CPU.Build.0 = Release|Any CPU
		{B4BD7C4D-3322-4D68-9C64-940F111ED1F0}.Debug|Any CPU.ActiveCfg = Debug|Any CPU
		{B4BD7C4D-3322-4D68-9C64-940F111ED1F0}.Debug|Any CPU.Build.0 = Debug|Any CPU
		{B4BD7C4D-3322-4D68-9C64-940F111ED1F0}.Release|Any CPU.ActiveCfg = Release|Any CPU
		{B4BD7C4D-3322-4D68-9C64-940F111ED1F0}.Release|Any CPU.Build.0 = Release|Any CPU
		{2AD495E2-89FA-405F-84BB-AD5642FB9BFC}.Debug|Any CPU.ActiveCfg = Debug|Any CPU
		{2AD495E2-89FA-405F-84BB-AD5642FB9BFC}.Debug|Any CPU.Build.0 = Debug|Any CPU
		{2AD495E2-89FA-405F-84BB-AD5642FB9BFC}.Release|Any CPU.ActiveCfg = Release|Any CPU
		{2AD495E2-89FA-405F-84BB-AD5642FB9BFC}.Release|Any CPU.Build.0 = Release|Any CPU
		{066EE8E8-47AB-4AFA-ADE2-7ACD1A02C085}.Debug|Any CPU.ActiveCfg = Debug|Any CPU
		{066EE8E8-47AB-4AFA-ADE2-7ACD1A02C085}.Debug|Any CPU.Build.0 = Debug|Any CPU
		{066EE8E8-47AB-4AFA-ADE2-7ACD1A02C085}.Release|Any CPU.ActiveCfg = Release|Any CPU
		{066EE8E8-47AB-4AFA-ADE2-7ACD1A02C085}.Release|Any CPU.Build.0 = Release|Any CPU
		{8126FACB-92D7-4A36-9E4C-1189AA84B66C}.Debug|Any CPU.ActiveCfg = Debug|Any CPU
		{8126FACB-92D7-4A36-9E4C-1189AA84B66C}.Debug|Any CPU.Build.0 = Debug|Any CPU
		{8126FACB-92D7-4A36-9E4C-1189AA84B66C}.Release|Any CPU.ActiveCfg = Release|Any CPU
		{8126FACB-92D7-4A36-9E4C-1189AA84B66C}.Release|Any CPU.Build.0 = Release|Any CPU
		{CA5276AF-A236-441F-9B57-85E05A2723DF}.Debug|Any CPU.ActiveCfg = Debug|Any CPU
		{CA5276AF-A236-441F-9B57-85E05A2723DF}.Debug|Any CPU.Build.0 = Debug|Any CPU
		{CA5276AF-A236-441F-9B57-85E05A2723DF}.Release|Any CPU.ActiveCfg = Release|Any CPU
		{CA5276AF-A236-441F-9B57-85E05A2723DF}.Release|Any CPU.Build.0 = Release|Any CPU
		{26AAD258-0680-4DAA-BD80-CA889495ED7D}.Debug|Any CPU.ActiveCfg = Debug|Any CPU
		{26AAD258-0680-4DAA-BD80-CA889495ED7D}.Debug|Any CPU.Build.0 = Debug|Any CPU
		{26AAD258-0680-4DAA-BD80-CA889495ED7D}.Release|Any CPU.ActiveCfg = Release|Any CPU
		{26AAD258-0680-4DAA-BD80-CA889495ED7D}.Release|Any CPU.Build.0 = Release|Any CPU
		{5988B63D-3769-448A-8FF5-E844F4E1EC2E}.Debug|Any CPU.ActiveCfg = Debug|Any CPU
		{5988B63D-3769-448A-8FF5-E844F4E1EC2E}.Debug|Any CPU.Build.0 = Debug|Any CPU
		{5988B63D-3769-448A-8FF5-E844F4E1EC2E}.Release|Any CPU.ActiveCfg = Release|Any CPU
		{5988B63D-3769-448A-8FF5-E844F4E1EC2E}.Release|Any CPU.Build.0 = Release|Any CPU
		{4A047AA2-12AA-485B-AE95-A86CB27E58E7}.Debug|Any CPU.ActiveCfg = Debug|Any CPU
		{4A047AA2-12AA-485B-AE95-A86CB27E58E7}.Debug|Any CPU.Build.0 = Debug|Any CPU
		{4A047AA2-12AA-485B-AE95-A86CB27E58E7}.Release|Any CPU.ActiveCfg = Release|Any CPU
		{4A047AA2-12AA-485B-AE95-A86CB27E58E7}.Release|Any CPU.Build.0 = Release|Any CPU
		{785B0ECE-58C3-486B-A05F-958CBAC81E63}.Debug|Any CPU.ActiveCfg = Debug|Any CPU
		{785B0ECE-58C3-486B-A05F-958CBAC81E63}.Debug|Any CPU.Build.0 = Debug|Any CPU
		{785B0ECE-58C3-486B-A05F-958CBAC81E63}.Release|Any CPU.ActiveCfg = Release|Any CPU
		{785B0ECE-58C3-486B-A05F-958CBAC81E63}.Release|Any CPU.Build.0 = Release|Any CPU
		{7B839D50-905C-4854-B3B0-C4794C85DFF6}.Debug|Any CPU.ActiveCfg = Debug|Any CPU
		{7B839D50-905C-4854-B3B0-C4794C85DFF6}.Debug|Any CPU.Build.0 = Debug|Any CPU
		{7B839D50-905C-4854-B3B0-C4794C85DFF6}.Release|Any CPU.ActiveCfg = Release|Any CPU
		{7B839D50-905C-4854-B3B0-C4794C85DFF6}.Release|Any CPU.Build.0 = Release|Any CPU
		{A97E8ACB-443A-4A48-97F5-9247D94FCC13}.Debug|Any CPU.ActiveCfg = Debug|Any CPU
		{A97E8ACB-443A-4A48-97F5-9247D94FCC13}.Debug|Any CPU.Build.0 = Debug|Any CPU
		{A97E8ACB-443A-4A48-97F5-9247D94FCC13}.Release|Any CPU.ActiveCfg = Release|Any CPU
		{A97E8ACB-443A-4A48-97F5-9247D94FCC13}.Release|Any CPU.Build.0 = Release|Any CPU
		{812006D6-03E3-447D-905C-D21A148D0AA2}.Debug|Any CPU.ActiveCfg = Debug|Any CPU
		{812006D6-03E3-447D-905C-D21A148D0AA2}.Debug|Any CPU.Build.0 = Debug|Any CPU
		{812006D6-03E3-447D-905C-D21A148D0AA2}.Release|Any CPU.ActiveCfg = Release|Any CPU
		{812006D6-03E3-447D-905C-D21A148D0AA2}.Release|Any CPU.Build.0 = Release|Any CPU
		{EDA13D3B-0AA2-4A02-9E8D-2C4F4DE03B70}.Debug|Any CPU.ActiveCfg = Debug|Any CPU
		{EDA13D3B-0AA2-4A02-9E8D-2C4F4DE03B70}.Debug|Any CPU.Build.0 = Debug|Any CPU
		{EDA13D3B-0AA2-4A02-9E8D-2C4F4DE03B70}.Release|Any CPU.ActiveCfg = Release|Any CPU
		{EDA13D3B-0AA2-4A02-9E8D-2C4F4DE03B70}.Release|Any CPU.Build.0 = Release|Any CPU
		{6E5D1688-D5C2-48A2-B1DE-C016999D795D}.Debug|Any CPU.ActiveCfg = Debug|Any CPU
		{6E5D1688-D5C2-48A2-B1DE-C016999D795D}.Debug|Any CPU.Build.0 = Debug|Any CPU
		{6E5D1688-D5C2-48A2-B1DE-C016999D795D}.Release|Any CPU.ActiveCfg = Release|Any CPU
		{6E5D1688-D5C2-48A2-B1DE-C016999D795D}.Release|Any CPU.Build.0 = Release|Any CPU
		{F7BF2D6C-FEB9-479F-A010-B93580FD8059}.Debug|Any CPU.ActiveCfg = Debug|Any CPU
		{F7BF2D6C-FEB9-479F-A010-B93580FD8059}.Debug|Any CPU.Build.0 = Debug|Any CPU
		{F7BF2D6C-FEB9-479F-A010-B93580FD8059}.Release|Any CPU.ActiveCfg = Release|Any CPU
		{F7BF2D6C-FEB9-479F-A010-B93580FD8059}.Release|Any CPU.Build.0 = Release|Any CPU
		{475CBEB5-8CE7-474C-A223-199695784EDE}.Debug|Any CPU.ActiveCfg = Debug|Any CPU
		{475CBEB5-8CE7-474C-A223-199695784EDE}.Debug|Any CPU.Build.0 = Debug|Any CPU
		{475CBEB5-8CE7-474C-A223-199695784EDE}.Release|Any CPU.ActiveCfg = Release|Any CPU
		{475CBEB5-8CE7-474C-A223-199695784EDE}.Release|Any CPU.Build.0 = Release|Any CPU
	EndGlobalSection
	GlobalSection(SolutionProperties) = preSolution
		HideSolutionNode = FALSE
	EndGlobalSection
EndGlobal
