
Microsoft Visual Studio Solution File, Format Version 12.00
# Visual Studio 15
VisualStudioVersion = 15.0.27130.2027
MinimumVisualStudioVersion = 10.0.40219.1
Project("{FAE04EC0-301F-11D3-BF4B-00C04F79EFBC}") = "Odd_Even_Words", "Odd_Even_Words\Odd_Even_Words.csproj", "{DB1C12E7-6A77-40F1-A410-73AA43040AE7}"
EndProject
Project("{FAE04EC0-301F-11D3-BF4B-00C04F79EFBC}") = "Mine_Exam", "Mine_Exam\Mine_Exam.csproj", "{EF53DAC6-DBDA-4179-B7F2-7B13707B6DC5}"
EndProject
Project("{FAE04EC0-301F-11D3-BF4B-00C04F79EFBC}") = "Shop", "Shop\Shop.csproj", "{35F14703-96FB-4692-AD26-FAF4B1BF0684}"
EndProject
Global
	GlobalSection(SolutionConfigurationPlatforms) = preSolution
		Debug|Any CPU = Debug|Any CPU
		Release|Any CPU = Release|Any CPU
	EndGlobalSection
	GlobalSection(ProjectConfigurationPlatforms) = postSolution
		{DB1C12E7-6A77-40F1-A410-73AA43040AE7}.Debug|Any CPU.ActiveCfg = Debug|Any CPU
		{DB1C12E7-6A77-40F1-A410-73AA43040AE7}.Debug|Any CPU.Build.0 = Debug|Any CPU
		{DB1C12E7-6A77-40F1-A410-73AA43040AE7}.Release|Any CPU.ActiveCfg = Release|Any CPU
		{DB1C12E7-6A77-40F1-A410-73AA43040AE7}.Release|Any CPU.Build.0 = Release|Any CPU
		{EF53DAC6-DBDA-4179-B7F2-7B13707B6DC5}.Debug|Any CPU.ActiveCfg = Debug|Any CPU
		{EF53DAC6-DBDA-4179-B7F2-7B13707B6DC5}.Debug|Any CPU.Build.0 = Debug|Any CPU
		{EF53DAC6-DBDA-4179-B7F2-7B13707B6DC5}.Release|Any CPU.ActiveCfg = Release|Any CPU
		{EF53DAC6-DBDA-4179-B7F2-7B13707B6DC5}.Release|Any CPU.Build.0 = Release|Any CPU
		{35F14703-96FB-4692-AD26-FAF4B1BF0684}.Debug|Any CPU.ActiveCfg = Debug|Any CPU
		{35F14703-96FB-4692-AD26-FAF4B1BF0684}.Debug|Any CPU.Build.0 = Debug|Any CPU
		{35F14703-96FB-4692-AD26-FAF4B1BF0684}.Release|Any CPU.ActiveCfg = Release|Any CPU
		{35F14703-96FB-4692-AD26-FAF4B1BF0684}.Release|Any CPU.Build.0 = Release|Any CPU
	EndGlobalSection
	GlobalSection(SolutionProperties) = preSolution
		HideSolutionNode = FALSE
	EndGlobalSection
	GlobalSection(ExtensibilityGlobals) = postSolution
		SolutionGuid = {8FD8210B-5EE3-4D47-B52F-A9E364EBA11D}
	EndGlobalSection
EndGlobal
