
Microsoft Visual Studio Solution File, Format Version 12.00
# Visual Studio 15
VisualStudioVersion = 15.0.27703.2035
MinimumVisualStudioVersion = 10.0.40219.1
Project("{FAE04EC0-301F-11D3-BF4B-00C04F79EFBC}") = "StorageMaster", "StorageMaster\StorageMaster.csproj", "{B8B73ACC-E488-4BBA-B697-98D639D05D73}"
EndProject
Global
	GlobalSection(SolutionConfigurationPlatforms) = preSolution
		Debug|Any CPU = Debug|Any CPU
		Release|Any CPU = Release|Any CPU
	EndGlobalSection
	GlobalSection(ProjectConfigurationPlatforms) = postSolution
		{B8B73ACC-E488-4BBA-B697-98D639D05D73}.Debug|Any CPU.ActiveCfg = Debug|Any CPU
		{B8B73ACC-E488-4BBA-B697-98D639D05D73}.Debug|Any CPU.Build.0 = Debug|Any CPU
		{B8B73ACC-E488-4BBA-B697-98D639D05D73}.Release|Any CPU.ActiveCfg = Release|Any CPU
		{B8B73ACC-E488-4BBA-B697-98D639D05D73}.Release|Any CPU.Build.0 = Release|Any CPU
	EndGlobalSection
	GlobalSection(SolutionProperties) = preSolution
		HideSolutionNode = FALSE
	EndGlobalSection
	GlobalSection(ExtensibilityGlobals) = postSolution
		SolutionGuid = {A54E0B6A-CCAE-4160-AEB7-0ED026A240FF}
	EndGlobalSection
EndGlobal
